// !$*UTF8*$!
{
	archiveVersion = 1;
	classes = {
	};
	objectVersion = 50;
	objects = {

/* Begin PBXBuildFile section */
		C03FFF4622B7A1F5009CADB5 /* AppDelegate.swift in Sources */ = {isa = PBXBuildFile; fileRef = C03FFF4522B7A1F5009CADB5 /* AppDelegate.swift */; };
		C03FFF4822B7A1F5009CADB5 /* ViewController.swift in Sources */ = {isa = PBXBuildFile; fileRef = C03FFF4722B7A1F5009CADB5 /* ViewController.swift */; };
		C03FFF4B22B7A1F5009CADB5 /* Main.storyboard in Resources */ = {isa = PBXBuildFile; fileRef = C03FFF4922B7A1F5009CADB5 /* Main.storyboard */; };
		C03FFF5022B7A1F7009CADB5 /* Assets.xcassets in Resources */ = {isa = PBXBuildFile; fileRef = C03FFF4F22B7A1F7009CADB5 /* Assets.xcassets */; };
		C03FFF5322B7A1F7009CADB5 /* LaunchScreen.storyboard in Resources */ = {isa = PBXBuildFile; fileRef = C03FFF5122B7A1F7009CADB5 /* LaunchScreen.storyboard */; };
		C03FFF5E22B7A1F7009CADB5 /* DataAccessObject_DemoTests.swift in Sources */ = {isa = PBXBuildFile; fileRef = C03FFF5D22B7A1F7009CADB5 /* DataAccessObject_DemoTests.swift */; };
		C0BED9FE22B7BBEC0008F825 /* ReminderDataModel.framework in Frameworks */ = {isa = PBXBuildFile; fileRef = C0BED9F522B7BBEB0008F825 /* ReminderDataModel.framework */; };
		C0BEDA0522B7BBEC0008F825 /* ReminderDataModelTests.swift in Sources */ = {isa = PBXBuildFile; fileRef = C0BEDA0422B7BBEC0008F825 /* ReminderDataModelTests.swift */; };
		C0BEDA0722B7BBEC0008F825 /* ReminderDataModel.h in Headers */ = {isa = PBXBuildFile; fileRef = C0BED9F722B7BBEB0008F825 /* ReminderDataModel.h */; settings = {ATTRIBUTES = (Public, ); }; };
		C0BEDA0A22B7BBEC0008F825 /* ReminderDataModel.framework in Frameworks */ = {isa = PBXBuildFile; fileRef = C0BED9F522B7BBEB0008F825 /* ReminderDataModel.framework */; };
		C0BEDA0B22B7BBEC0008F825 /* ReminderDataModel.framework in Embed Frameworks */ = {isa = PBXBuildFile; fileRef = C0BED9F522B7BBEB0008F825 /* ReminderDataModel.framework */; settings = {ATTRIBUTES = (CodeSignOnCopy, RemoveHeadersOnCopy, ); }; };
		C0BEDA1322B7BBFF0008F825 /* ReminderModelInterface.swift in Sources */ = {isa = PBXBuildFile; fileRef = C03FFF6E22B7A34C009CADB5 /* ReminderModelInterface.swift */; };
		C0BEDA2222B7BC310008F825 /* CoreDataModelImp.framework in Frameworks */ = {isa = PBXBuildFile; fileRef = C0BEDA1922B7BC310008F825 /* CoreDataModelImp.framework */; };
		C0BEDA2922B7BC310008F825 /* CoreDataModelImpTests.swift in Sources */ = {isa = PBXBuildFile; fileRef = C0BEDA2822B7BC310008F825 /* CoreDataModelImpTests.swift */; };
		C0BEDA2B22B7BC310008F825 /* CoreDataModelImp.h in Headers */ = {isa = PBXBuildFile; fileRef = C0BEDA1B22B7BC310008F825 /* CoreDataModelImp.h */; settings = {ATTRIBUTES = (Public, ); }; };
		C0BEDA2E22B7BC310008F825 /* CoreDataModelImp.framework in Frameworks */ = {isa = PBXBuildFile; fileRef = C0BEDA1922B7BC310008F825 /* CoreDataModelImp.framework */; };
		C0BEDA2F22B7BC310008F825 /* CoreDataModelImp.framework in Embed Frameworks */ = {isa = PBXBuildFile; fileRef = C0BEDA1922B7BC310008F825 /* CoreDataModelImp.framework */; settings = {ATTRIBUTES = (CodeSignOnCopy, RemoveHeadersOnCopy, ); }; };
		C0BEDA3622B7BC580008F825 /* ReminderDataModelImp.swift in Sources */ = {isa = PBXBuildFile; fileRef = C0BED9EE22B7A4D40008F825 /* ReminderDataModelImp.swift */; };
		C0BEDA3922B7BCFF0008F825 /* ReminderModel.xcdatamodeld in Sources */ = {isa = PBXBuildFile; fileRef = C03FFF4C22B7A1F5009CADB5 /* ReminderModel.xcdatamodeld */; };
/* End PBXBuildFile section */

/* Begin PBXContainerItemProxy section */
		C03FFF5A22B7A1F7009CADB5 /* PBXContainerItemProxy */ = {
			isa = PBXContainerItemProxy;
			containerPortal = C03FFF3A22B7A1F5009CADB5 /* Project object */;
			proxyType = 1;
			remoteGlobalIDString = C03FFF4122B7A1F5009CADB5;
			remoteInfo = "DataAccessObject-Demo";
		};
		C0BED9FF22B7BBEC0008F825 /* PBXContainerItemProxy */ = {
			isa = PBXContainerItemProxy;
			containerPortal = C03FFF3A22B7A1F5009CADB5 /* Project object */;
			proxyType = 1;
			remoteGlobalIDString = C0BED9F422B7BBEB0008F825;
			remoteInfo = ReminderDataModel;
		};
		C0BEDA0122B7BBEC0008F825 /* PBXContainerItemProxy */ = {
			isa = PBXContainerItemProxy;
			containerPortal = C03FFF3A22B7A1F5009CADB5 /* Project object */;
			proxyType = 1;
			remoteGlobalIDString = C03FFF4122B7A1F5009CADB5;
			remoteInfo = "DataAccessObject-Demo";
		};
		C0BEDA0822B7BBEC0008F825 /* PBXContainerItemProxy */ = {
			isa = PBXContainerItemProxy;
			containerPortal = C03FFF3A22B7A1F5009CADB5 /* Project object */;
			proxyType = 1;
			remoteGlobalIDString = C0BED9F422B7BBEB0008F825;
			remoteInfo = ReminderDataModel;
		};
		C0BEDA2322B7BC310008F825 /* PBXContainerItemProxy */ = {
			isa = PBXContainerItemProxy;
			containerPortal = C03FFF3A22B7A1F5009CADB5 /* Project object */;
			proxyType = 1;
			remoteGlobalIDString = C0BEDA1822B7BC310008F825;
			remoteInfo = CoreDataModelImp;
		};
		C0BEDA2522B7BC310008F825 /* PBXContainerItemProxy */ = {
			isa = PBXContainerItemProxy;
			containerPortal = C03FFF3A22B7A1F5009CADB5 /* Project object */;
			proxyType = 1;
			remoteGlobalIDString = C03FFF4122B7A1F5009CADB5;
			remoteInfo = "DataAccessObject-Demo";
		};
		C0BEDA2C22B7BC310008F825 /* PBXContainerItemProxy */ = {
			isa = PBXContainerItemProxy;
			containerPortal = C03FFF3A22B7A1F5009CADB5 /* Project object */;
			proxyType = 1;
			remoteGlobalIDString = C0BEDA1822B7BC310008F825;
			remoteInfo = CoreDataModelImp;
		};
		C0BEDA3722B7BCCC0008F825 /* PBXContainerItemProxy */ = {
			isa = PBXContainerItemProxy;
			containerPortal = C03FFF3A22B7A1F5009CADB5 /* Project object */;
			proxyType = 1;
			remoteGlobalIDString = C0BED9F422B7BBEB0008F825;
			remoteInfo = ReminderDataModel;
		};
/* End PBXContainerItemProxy section */

/* Begin PBXCopyFilesBuildPhase section */
		C0BEDA0F22B7BBEC0008F825 /* Embed Frameworks */ = {
			isa = PBXCopyFilesBuildPhase;
			buildActionMask = 2147483647;
			dstPath = "";
			dstSubfolderSpec = 10;
			files = (
				C0BEDA2F22B7BC310008F825 /* CoreDataModelImp.framework in Embed Frameworks */,
				C0BEDA0B22B7BBEC0008F825 /* ReminderDataModel.framework in Embed Frameworks */,
			);
			name = "Embed Frameworks";
			runOnlyForDeploymentPostprocessing = 0;
		};
/* End PBXCopyFilesBuildPhase section */

/* Begin PBXFileReference section */
		C03FFF4222B7A1F5009CADB5 /* DataAccessObject-Demo.app */ = {isa = PBXFileReference; explicitFileType = wrapper.application; includeInIndex = 0; path = "DataAccessObject-Demo.app"; sourceTree = BUILT_PRODUCTS_DIR; };
		C03FFF4522B7A1F5009CADB5 /* AppDelegate.swift */ = {isa = PBXFileReference; lastKnownFileType = sourcecode.swift; path = AppDelegate.swift; sourceTree = "<group>"; };
		C03FFF4722B7A1F5009CADB5 /* ViewController.swift */ = {isa = PBXFileReference; lastKnownFileType = sourcecode.swift; path = ViewController.swift; sourceTree = "<group>"; };
		C03FFF4A22B7A1F5009CADB5 /* Base */ = {isa = PBXFileReference; lastKnownFileType = file.storyboard; name = Base; path = Base.lproj/Main.storyboard; sourceTree = "<group>"; };
		C03FFF4D22B7A1F5009CADB5 /* DataAccessObject_Demo.xcdatamodel */ = {isa = PBXFileReference; lastKnownFileType = wrapper.xcdatamodel; path = DataAccessObject_Demo.xcdatamodel; sourceTree = "<group>"; };
		C03FFF4F22B7A1F7009CADB5 /* Assets.xcassets */ = {isa = PBXFileReference; lastKnownFileType = folder.assetcatalog; path = Assets.xcassets; sourceTree = "<group>"; };
		C03FFF5222B7A1F7009CADB5 /* Base */ = {isa = PBXFileReference; lastKnownFileType = file.storyboard; name = Base; path = Base.lproj/LaunchScreen.storyboard; sourceTree = "<group>"; };
		C03FFF5422B7A1F7009CADB5 /* Info.plist */ = {isa = PBXFileReference; lastKnownFileType = text.plist.xml; path = Info.plist; sourceTree = "<group>"; };
		C03FFF5922B7A1F7009CADB5 /* DataAccessObject-DemoTests.xctest */ = {isa = PBXFileReference; explicitFileType = wrapper.cfbundle; includeInIndex = 0; path = "DataAccessObject-DemoTests.xctest"; sourceTree = BUILT_PRODUCTS_DIR; };
		C03FFF5D22B7A1F7009CADB5 /* DataAccessObject_DemoTests.swift */ = {isa = PBXFileReference; lastKnownFileType = sourcecode.swift; path = DataAccessObject_DemoTests.swift; sourceTree = "<group>"; };
		C03FFF5F22B7A1F7009CADB5 /* Info.plist */ = {isa = PBXFileReference; lastKnownFileType = text.plist.xml; path = Info.plist; sourceTree = "<group>"; };
		C03FFF6E22B7A34C009CADB5 /* ReminderModelInterface.swift */ = {isa = PBXFileReference; lastKnownFileType = sourcecode.swift; path = ReminderModelInterface.swift; sourceTree = "<group>"; };
		C0BED9EE22B7A4D40008F825 /* ReminderDataModelImp.swift */ = {isa = PBXFileReference; lastKnownFileType = sourcecode.swift; path = ReminderDataModelImp.swift; sourceTree = "<group>"; };
		C0BED9F522B7BBEB0008F825 /* ReminderDataModel.framework */ = {isa = PBXFileReference; explicitFileType = wrapper.framework; includeInIndex = 0; path = ReminderDataModel.framework; sourceTree = BUILT_PRODUCTS_DIR; };
		C0BED9F722B7BBEB0008F825 /* ReminderDataModel.h */ = {isa = PBXFileReference; lastKnownFileType = sourcecode.c.h; path = ReminderDataModel.h; sourceTree = "<group>"; };
		C0BED9F822B7BBEB0008F825 /* Info.plist */ = {isa = PBXFileReference; lastKnownFileType = text.plist.xml; path = Info.plist; sourceTree = "<group>"; };
		C0BED9FD22B7BBEC0008F825 /* ReminderDataModelTests.xctest */ = {isa = PBXFileReference; explicitFileType = wrapper.cfbundle; includeInIndex = 0; path = ReminderDataModelTests.xctest; sourceTree = BUILT_PRODUCTS_DIR; };
		C0BEDA0422B7BBEC0008F825 /* ReminderDataModelTests.swift */ = {isa = PBXFileReference; lastKnownFileType = sourcecode.swift; path = ReminderDataModelTests.swift; sourceTree = "<group>"; };
		C0BEDA0622B7BBEC0008F825 /* Info.plist */ = {isa = PBXFileReference; lastKnownFileType = text.plist.xml; path = Info.plist; sourceTree = "<group>"; };
		C0BEDA1922B7BC310008F825 /* CoreDataModelImp.framework */ = {isa = PBXFileReference; explicitFileType = wrapper.framework; includeInIndex = 0; path = CoreDataModelImp.framework; sourceTree = BUILT_PRODUCTS_DIR; };
		C0BEDA1B22B7BC310008F825 /* CoreDataModelImp.h */ = {isa = PBXFileReference; lastKnownFileType = sourcecode.c.h; path = CoreDataModelImp.h; sourceTree = "<group>"; };
		C0BEDA1C22B7BC310008F825 /* Info.plist */ = {isa = PBXFileReference; lastKnownFileType = text.plist.xml; path = Info.plist; sourceTree = "<group>"; };
		C0BEDA2122B7BC310008F825 /* CoreDataModelImpTests.xctest */ = {isa = PBXFileReference; explicitFileType = wrapper.cfbundle; includeInIndex = 0; path = CoreDataModelImpTests.xctest; sourceTree = BUILT_PRODUCTS_DIR; };
		C0BEDA2822B7BC310008F825 /* CoreDataModelImpTests.swift */ = {isa = PBXFileReference; lastKnownFileType = sourcecode.swift; path = CoreDataModelImpTests.swift; sourceTree = "<group>"; };
		C0BEDA2A22B7BC310008F825 /* Info.plist */ = {isa = PBXFileReference; lastKnownFileType = text.plist.xml; path = Info.plist; sourceTree = "<group>"; };
/* End PBXFileReference section */

/* Begin PBXFrameworksBuildPhase section */
		C03FFF3F22B7A1F5009CADB5 /* Frameworks */ = {
			isa = PBXFrameworksBuildPhase;
			buildActionMask = 2147483647;
			files = (
				C0BEDA2E22B7BC310008F825 /* CoreDataModelImp.framework in Frameworks */,
				C0BEDA0A22B7BBEC0008F825 /* ReminderDataModel.framework in Frameworks */,
			);
			runOnlyForDeploymentPostprocessing = 0;
		};
		C03FFF5622B7A1F7009CADB5 /* Frameworks */ = {
			isa = PBXFrameworksBuildPhase;
			buildActionMask = 2147483647;
			files = (
			);
			runOnlyForDeploymentPostprocessing = 0;
		};
		C0BED9F222B7BBEB0008F825 /* Frameworks */ = {
			isa = PBXFrameworksBuildPhase;
			buildActionMask = 2147483647;
			files = (
			);
			runOnlyForDeploymentPostprocessing = 0;
		};
		C0BED9FA22B7BBEC0008F825 /* Frameworks */ = {
			isa = PBXFrameworksBuildPhase;
			buildActionMask = 2147483647;
			files = (
				C0BED9FE22B7BBEC0008F825 /* ReminderDataModel.framework in Frameworks */,
			);
			runOnlyForDeploymentPostprocessing = 0;
		};
		C0BEDA1622B7BC310008F825 /* Frameworks */ = {
			isa = PBXFrameworksBuildPhase;
			buildActionMask = 2147483647;
			files = (
			);
			runOnlyForDeploymentPostprocessing = 0;
		};
		C0BEDA1E22B7BC310008F825 /* Frameworks */ = {
			isa = PBXFrameworksBuildPhase;
			buildActionMask = 2147483647;
			files = (
				C0BEDA2222B7BC310008F825 /* CoreDataModelImp.framework in Frameworks */,
			);
			runOnlyForDeploymentPostprocessing = 0;
		};
/* End PBXFrameworksBuildPhase section */

/* Begin PBXGroup section */
		C03FFF3922B7A1F5009CADB5 = {
			isa = PBXGroup;
			children = (
				C03FFF4422B7A1F5009CADB5 /* DataAccessObject-Demo */,
				C03FFF5C22B7A1F7009CADB5 /* DataAccessObject-DemoTests */,
				C0BED9F622B7BBEB0008F825 /* ReminderDataModel */,
				C0BEDA0322B7BBEC0008F825 /* ReminderDataModelTests */,
				C0BEDA1A22B7BC310008F825 /* CoreDataModelImp */,
				C0BEDA2722B7BC310008F825 /* CoreDataModelImpTests */,
				C03FFF4322B7A1F5009CADB5 /* Products */,
			);
			sourceTree = "<group>";
		};
		C03FFF4322B7A1F5009CADB5 /* Products */ = {
			isa = PBXGroup;
			children = (
				C03FFF4222B7A1F5009CADB5 /* DataAccessObject-Demo.app */,
				C03FFF5922B7A1F7009CADB5 /* DataAccessObject-DemoTests.xctest */,
				C0BED9F522B7BBEB0008F825 /* ReminderDataModel.framework */,
				C0BED9FD22B7BBEC0008F825 /* ReminderDataModelTests.xctest */,
				C0BEDA1922B7BC310008F825 /* CoreDataModelImp.framework */,
				C0BEDA2122B7BC310008F825 /* CoreDataModelImpTests.xctest */,
			);
			name = Products;
			sourceTree = "<group>";
		};
		C03FFF4422B7A1F5009CADB5 /* DataAccessObject-Demo */ = {
			isa = PBXGroup;
			children = (
				C0BED9ED22B7A4C50008F825 /* CoreDataModelImp */,
				C03FFF6D22B7A2F9009CADB5 /* AbstractModel */,
				C03FFF6822B7A279009CADB5 /* CoreData */,
				C03FFF4522B7A1F5009CADB5 /* AppDelegate.swift */,
				C03FFF4722B7A1F5009CADB5 /* ViewController.swift */,
				C03FFF4922B7A1F5009CADB5 /* Main.storyboard */,
				C03FFF4F22B7A1F7009CADB5 /* Assets.xcassets */,
				C03FFF5122B7A1F7009CADB5 /* LaunchScreen.storyboard */,
				C03FFF5422B7A1F7009CADB5 /* Info.plist */,
			);
			path = "DataAccessObject-Demo";
			sourceTree = "<group>";
		};
		C03FFF5C22B7A1F7009CADB5 /* DataAccessObject-DemoTests */ = {
			isa = PBXGroup;
			children = (
				C03FFF5D22B7A1F7009CADB5 /* DataAccessObject_DemoTests.swift */,
				C03FFF5F22B7A1F7009CADB5 /* Info.plist */,
			);
			path = "DataAccessObject-DemoTests";
			sourceTree = "<group>";
		};
		C03FFF6822B7A279009CADB5 /* CoreData */ = {
			isa = PBXGroup;
			children = (
			);
			path = CoreData;
			sourceTree = "<group>";
		};
		C03FFF6D22B7A2F9009CADB5 /* AbstractModel */ = {
			isa = PBXGroup;
			children = (
			);
			path = AbstractModel;
			sourceTree = "<group>";
		};
		C0BED9ED22B7A4C50008F825 /* CoreDataModelImp */ = {
			isa = PBXGroup;
			children = (
			);
			path = CoreDataModelImp;
			sourceTree = "<group>";
		};
		C0BED9F622B7BBEB0008F825 /* ReminderDataModel */ = {
			isa = PBXGroup;
			children = (
				C03FFF6E22B7A34C009CADB5 /* ReminderModelInterface.swift */,
				C0BED9F722B7BBEB0008F825 /* ReminderDataModel.h */,
				C0BED9F822B7BBEB0008F825 /* Info.plist */,
			);
			path = ReminderDataModel;
			sourceTree = "<group>";
		};
		C0BEDA0322B7BBEC0008F825 /* ReminderDataModelTests */ = {
			isa = PBXGroup;
			children = (
				C0BEDA0422B7BBEC0008F825 /* ReminderDataModelTests.swift */,
				C0BEDA0622B7BBEC0008F825 /* Info.plist */,
			);
			path = ReminderDataModelTests;
			sourceTree = "<group>";
		};
		C0BEDA1A22B7BC310008F825 /* CoreDataModelImp */ = {
			isa = PBXGroup;
			children = (
				C0BED9EE22B7A4D40008F825 /* ReminderDataModelImp.swift */,
				C03FFF4C22B7A1F5009CADB5 /* ReminderModel.xcdatamodeld */,
				C0BEDA1B22B7BC310008F825 /* CoreDataModelImp.h */,
				C0BEDA1C22B7BC310008F825 /* Info.plist */,
			);
			path = CoreDataModelImp;
			sourceTree = "<group>";
		};
		C0BEDA2722B7BC310008F825 /* CoreDataModelImpTests */ = {
			isa = PBXGroup;
			children = (
				C0BEDA2822B7BC310008F825 /* CoreDataModelImpTests.swift */,
				C0BEDA2A22B7BC310008F825 /* Info.plist */,
			);
			path = CoreDataModelImpTests;
			sourceTree = "<group>";
		};
/* End PBXGroup section */

/* Begin PBXHeadersBuildPhase section */
		C0BED9F022B7BBEB0008F825 /* Headers */ = {
			isa = PBXHeadersBuildPhase;
			buildActionMask = 2147483647;
			files = (
				C0BEDA0722B7BBEC0008F825 /* ReminderDataModel.h in Headers */,
			);
			runOnlyForDeploymentPostprocessing = 0;
		};
		C0BEDA1422B7BC310008F825 /* Headers */ = {
			isa = PBXHeadersBuildPhase;
			buildActionMask = 2147483647;
			files = (
				C0BEDA2B22B7BC310008F825 /* CoreDataModelImp.h in Headers */,
			);
			runOnlyForDeploymentPostprocessing = 0;
		};
/* End PBXHeadersBuildPhase section */

/* Begin PBXNativeTarget section */
		C03FFF4122B7A1F5009CADB5 /* DataAccessObject-Demo */ = {
			isa = PBXNativeTarget;
			buildConfigurationList = C03FFF6222B7A1F7009CADB5 /* Build configuration list for PBXNativeTarget "DataAccessObject-Demo" */;
			buildPhases = (
				C03FFF3E22B7A1F5009CADB5 /* Sources */,
				C03FFF3F22B7A1F5009CADB5 /* Frameworks */,
				C03FFF4022B7A1F5009CADB5 /* Resources */,
				C0BEDA0F22B7BBEC0008F825 /* Embed Frameworks */,
			);
			buildRules = (
			);
			dependencies = (
				C0BEDA0922B7BBEC0008F825 /* PBXTargetDependency */,
				C0BEDA2D22B7BC310008F825 /* PBXTargetDependency */,
			);
			name = "DataAccessObject-Demo";
			productName = "DataAccessObject-Demo";
			productReference = C03FFF4222B7A1F5009CADB5 /* DataAccessObject-Demo.app */;
			productType = "com.apple.product-type.application";
		};
		C03FFF5822B7A1F7009CADB5 /* DataAccessObject-DemoTests */ = {
			isa = PBXNativeTarget;
			buildConfigurationList = C03FFF6522B7A1F7009CADB5 /* Build configuration list for PBXNativeTarget "DataAccessObject-DemoTests" */;
			buildPhases = (
				C03FFF5522B7A1F7009CADB5 /* Sources */,
				C03FFF5622B7A1F7009CADB5 /* Frameworks */,
				C03FFF5722B7A1F7009CADB5 /* Resources */,
			);
			buildRules = (
			);
			dependencies = (
				C03FFF5B22B7A1F7009CADB5 /* PBXTargetDependency */,
			);
			name = "DataAccessObject-DemoTests";
			productName = "DataAccessObject-DemoTests";
			productReference = C03FFF5922B7A1F7009CADB5 /* DataAccessObject-DemoTests.xctest */;
			productType = "com.apple.product-type.bundle.unit-test";
		};
		C0BED9F422B7BBEB0008F825 /* ReminderDataModel */ = {
			isa = PBXNativeTarget;
			buildConfigurationList = C0BEDA0C22B7BBEC0008F825 /* Build configuration list for PBXNativeTarget "ReminderDataModel" */;
			buildPhases = (
				C0BED9F022B7BBEB0008F825 /* Headers */,
				C0BED9F122B7BBEB0008F825 /* Sources */,
				C0BED9F222B7BBEB0008F825 /* Frameworks */,
				C0BED9F322B7BBEB0008F825 /* Resources */,
			);
			buildRules = (
			);
			dependencies = (
			);
			name = ReminderDataModel;
			productName = ReminderDataModel;
			productReference = C0BED9F522B7BBEB0008F825 /* ReminderDataModel.framework */;
			productType = "com.apple.product-type.framework";
		};
		C0BED9FC22B7BBEC0008F825 /* ReminderDataModelTests */ = {
			isa = PBXNativeTarget;
			buildConfigurationList = C0BEDA1022B7BBEC0008F825 /* Build configuration list for PBXNativeTarget "ReminderDataModelTests" */;
			buildPhases = (
				C0BED9F922B7BBEC0008F825 /* Sources */,
				C0BED9FA22B7BBEC0008F825 /* Frameworks */,
				C0BED9FB22B7BBEC0008F825 /* Resources */,
			);
			buildRules = (
			);
			dependencies = (
				C0BEDA0022B7BBEC0008F825 /* PBXTargetDependency */,
				C0BEDA0222B7BBEC0008F825 /* PBXTargetDependency */,
			);
			name = ReminderDataModelTests;
			productName = ReminderDataModelTests;
			productReference = C0BED9FD22B7BBEC0008F825 /* ReminderDataModelTests.xctest */;
			productType = "com.apple.product-type.bundle.unit-test";
		};
		C0BEDA1822B7BC310008F825 /* CoreDataModelImp */ = {
			isa = PBXNativeTarget;
			buildConfigurationList = C0BEDA3022B7BC310008F825 /* Build configuration list for PBXNativeTarget "CoreDataModelImp" */;
			buildPhases = (
				C0BEDA1422B7BC310008F825 /* Headers */,
				C0BEDA1522B7BC310008F825 /* Sources */,
				C0BEDA1622B7BC310008F825 /* Frameworks */,
				C0BEDA1722B7BC310008F825 /* Resources */,
			);
			buildRules = (
			);
			dependencies = (
				C0BEDA3822B7BCCC0008F825 /* PBXTargetDependency */,
			);
			name = CoreDataModelImp;
			productName = CoreDataModelImp;
			productReference = C0BEDA1922B7BC310008F825 /* CoreDataModelImp.framework */;
			productType = "com.apple.product-type.framework";
		};
		C0BEDA2022B7BC310008F825 /* CoreDataModelImpTests */ = {
			isa = PBXNativeTarget;
			buildConfigurationList = C0BEDA3322B7BC310008F825 /* Build configuration list for PBXNativeTarget "CoreDataModelImpTests" */;
			buildPhases = (
				C0BEDA1D22B7BC310008F825 /* Sources */,
				C0BEDA1E22B7BC310008F825 /* Frameworks */,
				C0BEDA1F22B7BC310008F825 /* Resources */,
			);
			buildRules = (
			);
			dependencies = (
				C0BEDA2422B7BC310008F825 /* PBXTargetDependency */,
				C0BEDA2622B7BC310008F825 /* PBXTargetDependency */,
			);
			name = CoreDataModelImpTests;
			productName = CoreDataModelImpTests;
			productReference = C0BEDA2122B7BC310008F825 /* CoreDataModelImpTests.xctest */;
			productType = "com.apple.product-type.bundle.unit-test";
		};
/* End PBXNativeTarget section */

/* Begin PBXProject section */
		C03FFF3A22B7A1F5009CADB5 /* Project object */ = {
			isa = PBXProject;
			attributes = {
				LastSwiftUpdateCheck = 1020;
				LastUpgradeCheck = 1020;
				ORGANIZATIONNAME = "Basil Salad Software";
				TargetAttributes = {
					C03FFF4122B7A1F5009CADB5 = {
						CreatedOnToolsVersion = 10.2.1;
					};
					C03FFF5822B7A1F7009CADB5 = {
						CreatedOnToolsVersion = 10.2.1;
						TestTargetID = C03FFF4122B7A1F5009CADB5;
					};
					C0BED9F422B7BBEB0008F825 = {
						CreatedOnToolsVersion = 10.2.1;
					};
					C0BED9FC22B7BBEC0008F825 = {
						CreatedOnToolsVersion = 10.2.1;
						TestTargetID = C03FFF4122B7A1F5009CADB5;
					};
					C0BEDA1822B7BC310008F825 = {
						CreatedOnToolsVersion = 10.2.1;
					};
					C0BEDA2022B7BC310008F825 = {
						CreatedOnToolsVersion = 10.2.1;
						TestTargetID = C03FFF4122B7A1F5009CADB5;
					};
				};
			};
			buildConfigurationList = C03FFF3D22B7A1F5009CADB5 /* Build configuration list for PBXProject "DataAccessObject-Demo" */;
			compatibilityVersion = "Xcode 9.3";
			developmentRegion = en;
			hasScannedForEncodings = 0;
			knownRegions = (
				en,
				Base,
			);
			mainGroup = C03FFF3922B7A1F5009CADB5;
			productRefGroup = C03FFF4322B7A1F5009CADB5 /* Products */;
			projectDirPath = "";
			projectRoot = "";
			targets = (
				C03FFF4122B7A1F5009CADB5 /* DataAccessObject-Demo */,
				C03FFF5822B7A1F7009CADB5 /* DataAccessObject-DemoTests */,
				C0BED9F422B7BBEB0008F825 /* ReminderDataModel */,
				C0BED9FC22B7BBEC0008F825 /* ReminderDataModelTests */,
				C0BEDA1822B7BC310008F825 /* CoreDataModelImp */,
				C0BEDA2022B7BC310008F825 /* CoreDataModelImpTests */,
			);
		};
/* End PBXProject section */

/* Begin PBXResourcesBuildPhase section */
		C03FFF4022B7A1F5009CADB5 /* Resources */ = {
			isa = PBXResourcesBuildPhase;
			buildActionMask = 2147483647;
			files = (
				C03FFF5322B7A1F7009CADB5 /* LaunchScreen.storyboard in Resources */,
				C03FFF5022B7A1F7009CADB5 /* Assets.xcassets in Resources */,
				C03FFF4B22B7A1F5009CADB5 /* Main.storyboard in Resources */,
			);
			runOnlyForDeploymentPostprocessing = 0;
		};
		C03FFF5722B7A1F7009CADB5 /* Resources */ = {
			isa = PBXResourcesBuildPhase;
			buildActionMask = 2147483647;
			files = (
			);
			runOnlyForDeploymentPostprocessing = 0;
		};
		C0BED9F322B7BBEB0008F825 /* Resources */ = {
			isa = PBXResourcesBuildPhase;
			buildActionMask = 2147483647;
			files = (
			);
			runOnlyForDeploymentPostprocessing = 0;
		};
		C0BED9FB22B7BBEC0008F825 /* Resources */ = {
			isa = PBXResourcesBuildPhase;
			buildActionMask = 2147483647;
			files = (
			);
			runOnlyForDeploymentPostprocessing = 0;
		};
		C0BEDA1722B7BC310008F825 /* Resources */ = {
			isa = PBXResourcesBuildPhase;
			buildActionMask = 2147483647;
			files = (
			);
			runOnlyForDeploymentPostprocessing = 0;
		};
		C0BEDA1F22B7BC310008F825 /* Resources */ = {
			isa = PBXResourcesBuildPhase;
			buildActionMask = 2147483647;
			files = (
			);
			runOnlyForDeploymentPostprocessing = 0;
		};
/* End PBXResourcesBuildPhase section */

/* Begin PBXSourcesBuildPhase section */
		C03FFF3E22B7A1F5009CADB5 /* Sources */ = {
			isa = PBXSourcesBuildPhase;
			buildActionMask = 2147483647;
			files = (
				C03FFF4822B7A1F5009CADB5 /* ViewController.swift in Sources */,
				C03FFF4622B7A1F5009CADB5 /* AppDelegate.swift in Sources */,
			);
			runOnlyForDeploymentPostprocessing = 0;
		};
		C03FFF5522B7A1F7009CADB5 /* Sources */ = {
			isa = PBXSourcesBuildPhase;
			buildActionMask = 2147483647;
			files = (
				C03FFF5E22B7A1F7009CADB5 /* DataAccessObject_DemoTests.swift in Sources */,
			);
			runOnlyForDeploymentPostprocessing = 0;
		};
		C0BED9F122B7BBEB0008F825 /* Sources */ = {
			isa = PBXSourcesBuildPhase;
			buildActionMask = 2147483647;
			files = (
				C0BEDA1322B7BBFF0008F825 /* ReminderModelInterface.swift in Sources */,
			);
			runOnlyForDeploymentPostprocessing = 0;
		};
		C0BED9F922B7BBEC0008F825 /* Sources */ = {
			isa = PBXSourcesBuildPhase;
			buildActionMask = 2147483647;
			files = (
				C0BEDA0522B7BBEC0008F825 /* ReminderDataModelTests.swift in Sources */,
			);
			runOnlyForDeploymentPostprocessing = 0;
		};
		C0BEDA1522B7BC310008F825 /* Sources */ = {
			isa = PBXSourcesBuildPhase;
			buildActionMask = 2147483647;
			files = (
				C0BEDA3622B7BC580008F825 /* ReminderDataModelImp.swift in Sources */,
				C0BEDA3922B7BCFF0008F825 /* ReminderModel.xcdatamodeld in Sources */,
			);
			runOnlyForDeploymentPostprocessing = 0;
		};
		C0BEDA1D22B7BC310008F825 /* Sources */ = {
			isa = PBXSourcesBuildPhase;
			buildActionMask = 2147483647;
			files = (
				C0BEDA2922B7BC310008F825 /* CoreDataModelImpTests.swift in Sources */,
			);
			runOnlyForDeploymentPostprocessing = 0;
		};
/* End PBXSourcesBuildPhase section */

/* Begin PBXTargetDependency section */
		C03FFF5B22B7A1F7009CADB5 /* PBXTargetDependency */ = {
			isa = PBXTargetDependency;
			target = C03FFF4122B7A1F5009CADB5 /* DataAccessObject-Demo */;
			targetProxy = C03FFF5A22B7A1F7009CADB5 /* PBXContainerItemProxy */;
		};
		C0BEDA0022B7BBEC0008F825 /* PBXTargetDependency */ = {
			isa = PBXTargetDependency;
			target = C0BED9F422B7BBEB0008F825 /* ReminderDataModel */;
			targetProxy = C0BED9FF22B7BBEC0008F825 /* PBXContainerItemProxy */;
		};
		C0BEDA0222B7BBEC0008F825 /* PBXTargetDependency */ = {
			isa = PBXTargetDependency;
			target = C03FFF4122B7A1F5009CADB5 /* DataAccessObject-Demo */;
			targetProxy = C0BEDA0122B7BBEC0008F825 /* PBXContainerItemProxy */;
		};
		C0BEDA0922B7BBEC0008F825 /* PBXTargetDependency */ = {
			isa = PBXTargetDependency;
			target = C0BED9F422B7BBEB0008F825 /* ReminderDataModel */;
			targetProxy = C0BEDA0822B7BBEC0008F825 /* PBXContainerItemProxy */;
		};
		C0BEDA2422B7BC310008F825 /* PBXTargetDependency */ = {
			isa = PBXTargetDependency;
			target = C0BEDA1822B7BC310008F825 /* CoreDataModelImp */;
			targetProxy = C0BEDA2322B7BC310008F825 /* PBXContainerItemProxy */;
		};
		C0BEDA2622B7BC310008F825 /* PBXTargetDependency */ = {
			isa = PBXTargetDependency;
			target = C03FFF4122B7A1F5009CADB5 /* DataAccessObject-Demo */;
			targetProxy = C0BEDA2522B7BC310008F825 /* PBXContainerItemProxy */;
		};
		C0BEDA2D22B7BC310008F825 /* PBXTargetDependency */ = {
			isa = PBXTargetDependency;
			target = C0BEDA1822B7BC310008F825 /* CoreDataModelImp */;
			targetProxy = C0BEDA2C22B7BC310008F825 /* PBXContainerItemProxy */;
		};
		C0BEDA3822B7BCCC0008F825 /* PBXTargetDependency */ = {
			isa = PBXTargetDependency;
			target = C0BED9F422B7BBEB0008F825 /* ReminderDataModel */;
			targetProxy = C0BEDA3722B7BCCC0008F825 /* PBXContainerItemProxy */;
		};
/* End PBXTargetDependency section */

/* Begin PBXVariantGroup section */
		C03FFF4922B7A1F5009CADB5 /* Main.storyboard */ = {
			isa = PBXVariantGroup;
			children = (
				C03FFF4A22B7A1F5009CADB5 /* Base */,
			);
			name = Main.storyboard;
			sourceTree = "<group>";
		};
		C03FFF5122B7A1F7009CADB5 /* LaunchScreen.storyboard */ = {
			isa = PBXVariantGroup;
			children = (
				C03FFF5222B7A1F7009CADB5 /* Base */,
			);
			name = LaunchScreen.storyboard;
			sourceTree = "<group>";
		};
/* End PBXVariantGroup section */

/* Begin XCBuildConfiguration section */
		C03FFF6022B7A1F7009CADB5 /* Debug */ = {
			isa = XCBuildConfiguration;
			buildSettings = {
				ALWAYS_SEARCH_USER_PATHS = NO;
				CLANG_ANALYZER_NONNULL = YES;
				CLANG_ANALYZER_NUMBER_OBJECT_CONVERSION = YES_AGGRESSIVE;
				CLANG_CXX_LANGUAGE_STANDARD = "gnu++14";
				CLANG_CXX_LIBRARY = "libc++";
				CLANG_ENABLE_MODULES = YES;
				CLANG_ENABLE_OBJC_ARC = YES;
				CLANG_ENABLE_OBJC_WEAK = YES;
				CLANG_WARN_BLOCK_CAPTURE_AUTORELEASING = YES;
				CLANG_WARN_BOOL_CONVERSION = YES;
				CLANG_WARN_COMMA = YES;
				CLANG_WARN_CONSTANT_CONVERSION = YES;
				CLANG_WARN_DEPRECATED_OBJC_IMPLEMENTATIONS = YES;
				CLANG_WARN_DIRECT_OBJC_ISA_USAGE = YES_ERROR;
				CLANG_WARN_DOCUMENTATION_COMMENTS = YES;
				CLANG_WARN_EMPTY_BODY = YES;
				CLANG_WARN_ENUM_CONVERSION = YES;
				CLANG_WARN_INFINITE_RECURSION = YES;
				CLANG_WARN_INT_CONVERSION = YES;
				CLANG_WARN_NON_LITERAL_NULL_CONVERSION = YES;
				CLANG_WARN_OBJC_IMPLICIT_RETAIN_SELF = YES;
				CLANG_WARN_OBJC_LITERAL_CONVERSION = YES;
				CLANG_WARN_OBJC_ROOT_CLASS = YES_ERROR;
				CLANG_WARN_RANGE_LOOP_ANALYSIS = YES;
				CLANG_WARN_STRICT_PROTOTYPES = YES;
				CLANG_WARN_SUSPICIOUS_MOVE = YES;
				CLANG_WARN_UNGUARDED_AVAILABILITY = YES_AGGRESSIVE;
				CLANG_WARN_UNREACHABLE_CODE = YES;
				CLANG_WARN__DUPLICATE_METHOD_MATCH = YES;
				CODE_SIGN_IDENTITY = "iPhone Developer";
				COPY_PHASE_STRIP = NO;
				DEBUG_INFORMATION_FORMAT = dwarf;
				ENABLE_STRICT_OBJC_MSGSEND = YES;
				ENABLE_TESTABILITY = YES;
				GCC_C_LANGUAGE_STANDARD = gnu11;
				GCC_DYNAMIC_NO_PIC = NO;
				GCC_NO_COMMON_BLOCKS = YES;
				GCC_OPTIMIZATION_LEVEL = 0;
				GCC_PREPROCESSOR_DEFINITIONS = (
					"DEBUG=1",
					"$(inherited)",
				);
				GCC_WARN_64_TO_32_BIT_CONVERSION = YES;
				GCC_WARN_ABOUT_RETURN_TYPE = YES_ERROR;
				GCC_WARN_UNDECLARED_SELECTOR = YES;
				GCC_WARN_UNINITIALIZED_AUTOS = YES_AGGRESSIVE;
				GCC_WARN_UNUSED_FUNCTION = YES;
				GCC_WARN_UNUSED_VARIABLE = YES;
				IPHONEOS_DEPLOYMENT_TARGET = 12.2;
				MTL_ENABLE_DEBUG_INFO = INCLUDE_SOURCE;
				MTL_FAST_MATH = YES;
				ONLY_ACTIVE_ARCH = YES;
				SDKROOT = iphoneos;
				SWIFT_ACTIVE_COMPILATION_CONDITIONS = DEBUG;
				SWIFT_OPTIMIZATION_LEVEL = "-Onone";
			};
			name = Debug;
		};
		C03FFF6122B7A1F7009CADB5 /* Release */ = {
			isa = XCBuildConfiguration;
			buildSettings = {
				ALWAYS_SEARCH_USER_PATHS = NO;
				CLANG_ANALYZER_NONNULL = YES;
				CLANG_ANALYZER_NUMBER_OBJECT_CONVERSION = YES_AGGRESSIVE;
				CLANG_CXX_LANGUAGE_STANDARD = "gnu++14";
				CLANG_CXX_LIBRARY = "libc++";
				CLANG_ENABLE_MODULES = YES;
				CLANG_ENABLE_OBJC_ARC = YES;
				CLANG_ENABLE_OBJC_WEAK = YES;
				CLANG_WARN_BLOCK_CAPTURE_AUTORELEASING = YES;
				CLANG_WARN_BOOL_CONVERSION = YES;
				CLANG_WARN_COMMA = YES;
				CLANG_WARN_CONSTANT_CONVERSION = YES;
				CLANG_WARN_DEPRECATED_OBJC_IMPLEMENTATIONS = YES;
				CLANG_WARN_DIRECT_OBJC_ISA_USAGE = YES_ERROR;
				CLANG_WARN_DOCUMENTATION_COMMENTS = YES;
				CLANG_WARN_EMPTY_BODY = YES;
				CLANG_WARN_ENUM_CONVERSION = YES;
				CLANG_WARN_INFINITE_RECURSION = YES;
				CLANG_WARN_INT_CONVERSION = YES;
				CLANG_WARN_NON_LITERAL_NULL_CONVERSION = YES;
				CLANG_WARN_OBJC_IMPLICIT_RETAIN_SELF = YES;
				CLANG_WARN_OBJC_LITERAL_CONVERSION = YES;
				CLANG_WARN_OBJC_ROOT_CLASS = YES_ERROR;
				CLANG_WARN_RANGE_LOOP_ANALYSIS = YES;
				CLANG_WARN_STRICT_PROTOTYPES = YES;
				CLANG_WARN_SUSPICIOUS_MOVE = YES;
				CLANG_WARN_UNGUARDED_AVAILABILITY = YES_AGGRESSIVE;
				CLANG_WARN_UNREACHABLE_CODE = YES;
				CLANG_WARN__DUPLICATE_METHOD_MATCH = YES;
				CODE_SIGN_IDENTITY = "iPhone Developer";
				COPY_PHASE_STRIP = NO;
				DEBUG_INFORMATION_FORMAT = "dwarf-with-dsym";
				ENABLE_NS_ASSERTIONS = NO;
				ENABLE_STRICT_OBJC_MSGSEND = YES;
				GCC_C_LANGUAGE_STANDARD = gnu11;
				GCC_NO_COMMON_BLOCKS = YES;
				GCC_WARN_64_TO_32_BIT_CONVERSION = YES;
				GCC_WARN_ABOUT_RETURN_TYPE = YES_ERROR;
				GCC_WARN_UNDECLARED_SELECTOR = YES;
				GCC_WARN_UNINITIALIZED_AUTOS = YES_AGGRESSIVE;
				GCC_WARN_UNUSED_FUNCTION = YES;
				GCC_WARN_UNUSED_VARIABLE = YES;
				IPHONEOS_DEPLOYMENT_TARGET = 12.2;
				MTL_ENABLE_DEBUG_INFO = NO;
				MTL_FAST_MATH = YES;
				SDKROOT = iphoneos;
				SWIFT_COMPILATION_MODE = wholemodule;
				SWIFT_OPTIMIZATION_LEVEL = "-O";
				VALIDATE_PRODUCT = YES;
			};
			name = Release;
		};
		C03FFF6322B7A1F7009CADB5 /* Debug */ = {
			isa = XCBuildConfiguration;
			buildSettings = {
				ALWAYS_EMBED_SWIFT_STANDARD_LIBRARIES = YES;
				ASSETCATALOG_COMPILER_APPICON_NAME = AppIcon;
				CODE_SIGN_STYLE = Automatic;
				DEVELOPMENT_TEAM = F3VP86DSRS;
				INFOPLIST_FILE = "DataAccessObject-Demo/Info.plist";
				LD_RUNPATH_SEARCH_PATHS = (
					"$(inherited)",
					"@executable_path/Frameworks",
				);
				PRODUCT_BUNDLE_IDENTIFIER = "com.basilsalad.demo.DataAccessObject-Demo";
				PRODUCT_NAME = "$(TARGET_NAME)";
				SWIFT_VERSION = 5.0;
				TARGETED_DEVICE_FAMILY = "1,2";
			};
			name = Debug;
		};
		C03FFF6422B7A1F7009CADB5 /* Release */ = {
			isa = XCBuildConfiguration;
			buildSettings = {
				ALWAYS_EMBED_SWIFT_STANDARD_LIBRARIES = YES;
				ASSETCATALOG_COMPILER_APPICON_NAME = AppIcon;
				CODE_SIGN_STYLE = Automatic;
				DEVELOPMENT_TEAM = F3VP86DSRS;
				INFOPLIST_FILE = "DataAccessObject-Demo/Info.plist";
				LD_RUNPATH_SEARCH_PATHS = (
					"$(inherited)",
					"@executable_path/Frameworks",
				);
				PRODUCT_BUNDLE_IDENTIFIER = "com.basilsalad.demo.DataAccessObject-Demo";
				PRODUCT_NAME = "$(TARGET_NAME)";
				SWIFT_VERSION = 5.0;
				TARGETED_DEVICE_FAMILY = "1,2";
			};
			name = Release;
		};
		C03FFF6622B7A1F7009CADB5 /* Debug */ = {
			isa = XCBuildConfiguration;
			buildSettings = {
				ALWAYS_EMBED_SWIFT_STANDARD_LIBRARIES = YES;
				BUNDLE_LOADER = "$(TEST_HOST)";
				CODE_SIGN_STYLE = Automatic;
				DEVELOPMENT_TEAM = F3VP86DSRS;
				INFOPLIST_FILE = "DataAccessObject-DemoTests/Info.plist";
				LD_RUNPATH_SEARCH_PATHS = (
					"$(inherited)",
					"@executable_path/Frameworks",
					"@loader_path/Frameworks",
				);
				PRODUCT_BUNDLE_IDENTIFIER = "com.basilsalad.demo.DataAccessObject-DemoTests";
				PRODUCT_NAME = "$(TARGET_NAME)";
				SWIFT_VERSION = 5.0;
				TARGETED_DEVICE_FAMILY = "1,2";
				TEST_HOST = "$(BUILT_PRODUCTS_DIR)/DataAccessObject-Demo.app/DataAccessObject-Demo";
			};
			name = Debug;
		};
		C03FFF6722B7A1F7009CADB5 /* Release */ = {
			isa = XCBuildConfiguration;
			buildSettings = {
				ALWAYS_EMBED_SWIFT_STANDARD_LIBRARIES = YES;
				BUNDLE_LOADER = "$(TEST_HOST)";
				CODE_SIGN_STYLE = Automatic;
				DEVELOPMENT_TEAM = F3VP86DSRS;
				INFOPLIST_FILE = "DataAccessObject-DemoTests/Info.plist";
				LD_RUNPATH_SEARCH_PATHS = (
					"$(inherited)",
					"@executable_path/Frameworks",
					"@loader_path/Frameworks",
				);
				PRODUCT_BUNDLE_IDENTIFIER = "com.basilsalad.demo.DataAccessObject-DemoTests";
				PRODUCT_NAME = "$(TARGET_NAME)";
				SWIFT_VERSION = 5.0;
				TARGETED_DEVICE_FAMILY = "1,2";
				TEST_HOST = "$(BUILT_PRODUCTS_DIR)/DataAccessObject-Demo.app/DataAccessObject-Demo";
			};
			name = Release;
		};
		C0BEDA0D22B7BBEC0008F825 /* Debug */ = {
			isa = XCBuildConfiguration;
			buildSettings = {
				CODE_SIGN_IDENTITY = "";
				CODE_SIGN_STYLE = Automatic;
				CURRENT_PROJECT_VERSION = 1;
				DEFINES_MODULE = YES;
				DEVELOPMENT_TEAM = F3VP86DSRS;
				DYLIB_COMPATIBILITY_VERSION = 1;
				DYLIB_CURRENT_VERSION = 1;
				DYLIB_INSTALL_NAME_BASE = "@rpath";
				INFOPLIST_FILE = ReminderDataModel/Info.plist;
				INSTALL_PATH = "$(LOCAL_LIBRARY_DIR)/Frameworks";
				LD_RUNPATH_SEARCH_PATHS = (
					"$(inherited)",
					"@executable_path/Frameworks",
					"@loader_path/Frameworks",
				);
				PRODUCT_BUNDLE_IDENTIFIER = com.basilsalad.demo.ReminderDataModel;
				PRODUCT_NAME = "$(TARGET_NAME:c99extidentifier)";
				SKIP_INSTALL = YES;
				SWIFT_VERSION = 5.0;
				TARGETED_DEVICE_FAMILY = "1,2";
				VERSIONING_SYSTEM = "apple-generic";
				VERSION_INFO_PREFIX = "";
			};
			name = Debug;
		};
		C0BEDA0E22B7BBEC0008F825 /* Release */ = {
			isa = XCBuildConfiguration;
			buildSettings = {
				CODE_SIGN_IDENTITY = "";
				CODE_SIGN_STYLE = Automatic;
				CURRENT_PROJECT_VERSION = 1;
				DEFINES_MODULE = YES;
				DEVELOPMENT_TEAM = F3VP86DSRS;
				DYLIB_COMPATIBILITY_VERSION = 1;
				DYLIB_CURRENT_VERSION = 1;
				DYLIB_INSTALL_NAME_BASE = "@rpath";
				INFOPLIST_FILE = ReminderDataModel/Info.plist;
				INSTALL_PATH = "$(LOCAL_LIBRARY_DIR)/Frameworks";
				LD_RUNPATH_SEARCH_PATHS = (
					"$(inherited)",
					"@executable_path/Frameworks",
					"@loader_path/Frameworks",
				);
				PRODUCT_BUNDLE_IDENTIFIER = com.basilsalad.demo.ReminderDataModel;
				PRODUCT_NAME = "$(TARGET_NAME:c99extidentifier)";
				SKIP_INSTALL = YES;
				SWIFT_VERSION = 5.0;
				TARGETED_DEVICE_FAMILY = "1,2";
				VERSIONING_SYSTEM = "apple-generic";
				VERSION_INFO_PREFIX = "";
			};
			name = Release;
		};
		C0BEDA1122B7BBEC0008F825 /* Debug */ = {
			isa = XCBuildConfiguration;
			buildSettings = {
				ALWAYS_EMBED_SWIFT_STANDARD_LIBRARIES = YES;
				CODE_SIGN_STYLE = Automatic;
				DEVELOPMENT_TEAM = F3VP86DSRS;
				INFOPLIST_FILE = ReminderDataModelTests/Info.plist;
				LD_RUNPATH_SEARCH_PATHS = (
					"$(inherited)",
					"@executable_path/Frameworks",
					"@loader_path/Frameworks",
				);
				PRODUCT_BUNDLE_IDENTIFIER = com.basilsalad.demo.ReminderDataModelTests;
				PRODUCT_NAME = "$(TARGET_NAME)";
				SWIFT_VERSION = 5.0;
				TARGETED_DEVICE_FAMILY = "1,2";
				TEST_HOST = "$(BUILT_PRODUCTS_DIR)/DataAccessObject-Demo.app/DataAccessObject-Demo";
			};
			name = Debug;
		};
		C0BEDA1222B7BBEC0008F825 /* Release */ = {
			isa = XCBuildConfiguration;
			buildSettings = {
				ALWAYS_EMBED_SWIFT_STANDARD_LIBRARIES = YES;
				CODE_SIGN_STYLE = Automatic;
				DEVELOPMENT_TEAM = F3VP86DSRS;
				INFOPLIST_FILE = ReminderDataModelTests/Info.plist;
				LD_RUNPATH_SEARCH_PATHS = (
					"$(inherited)",
					"@executable_path/Frameworks",
					"@loader_path/Frameworks",
				);
				PRODUCT_BUNDLE_IDENTIFIER = com.basilsalad.demo.ReminderDataModelTests;
				PRODUCT_NAME = "$(TARGET_NAME)";
				SWIFT_VERSION = 5.0;
				TARGETED_DEVICE_FAMILY = "1,2";
				TEST_HOST = "$(BUILT_PRODUCTS_DIR)/DataAccessObject-Demo.app/DataAccessObject-Demo";
			};
			name = Release;
		};
		C0BEDA3122B7BC310008F825 /* Debug */ = {
			isa = XCBuildConfiguration;
			buildSettings = {
				CODE_SIGN_IDENTITY = "";
				CODE_SIGN_STYLE = Automatic;
				CURRENT_PROJECT_VERSION = 1;
				DEFINES_MODULE = YES;
				DEVELOPMENT_TEAM = F3VP86DSRS;
				DYLIB_COMPATIBILITY_VERSION = 1;
				DYLIB_CURRENT_VERSION = 1;
				DYLIB_INSTALL_NAME_BASE = "@rpath";
				INFOPLIST_FILE = CoreDataModelImp/Info.plist;
				INSTALL_PATH = "$(LOCAL_LIBRARY_DIR)/Frameworks";
				LD_RUNPATH_SEARCH_PATHS = (
					"$(inherited)",
					"@executable_path/Frameworks",
					"@loader_path/Frameworks",
				);
				PRODUCT_BUNDLE_IDENTIFIER = com.basilsalad.demo.CoreDataModelImp;
				PRODUCT_NAME = "$(TARGET_NAME:c99extidentifier)";
				SKIP_INSTALL = YES;
				SWIFT_VERSION = 5.0;
				TARGETED_DEVICE_FAMILY = "1,2";
				VERSIONING_SYSTEM = "apple-generic";
				VERSION_INFO_PREFIX = "";
			};
			name = Debug;
		};
		C0BEDA3222B7BC310008F825 /* Release */ = {
			isa = XCBuildConfiguration;
			buildSettings = {
				CODE_SIGN_IDENTITY = "";
				CODE_SIGN_STYLE = Automatic;
				CURRENT_PROJECT_VERSION = 1;
				DEFINES_MODULE = YES;
				DEVELOPMENT_TEAM = F3VP86DSRS;
				DYLIB_COMPATIBILITY_VERSION = 1;
				DYLIB_CURRENT_VERSION = 1;
				DYLIB_INSTALL_NAME_BASE = "@rpath";
				INFOPLIST_FILE = CoreDataModelImp/Info.plist;
				INSTALL_PATH = "$(LOCAL_LIBRARY_DIR)/Frameworks";
				LD_RUNPATH_SEARCH_PATHS = (
					"$(inherited)",
					"@executable_path/Frameworks",
					"@loader_path/Frameworks",
				);
				PRODUCT_BUNDLE_IDENTIFIER = com.basilsalad.demo.CoreDataModelImp;
				PRODUCT_NAME = "$(TARGET_NAME:c99extidentifier)";
				SKIP_INSTALL = YES;
				SWIFT_VERSION = 5.0;
				TARGETED_DEVICE_FAMILY = "1,2";
				VERSIONING_SYSTEM = "apple-generic";
				VERSION_INFO_PREFIX = "";
			};
			name = Release;
		};
		C0BEDA3422B7BC310008F825 /* Debug */ = {
			isa = XCBuildConfiguration;
			buildSettings = {
				ALWAYS_EMBED_SWIFT_STANDARD_LIBRARIES = YES;
				CODE_SIGN_STYLE = Automatic;
				DEVELOPMENT_TEAM = F3VP86DSRS;
				INFOPLIST_FILE = CoreDataModelImpTests/Info.plist;
				LD_RUNPATH_SEARCH_PATHS = (
					"$(inherited)",
					"@executable_path/Frameworks",
					"@loader_path/Frameworks",
				);
				PRODUCT_BUNDLE_IDENTIFIER = com.basilsalad.demo.CoreDataModelImpTests;
				PRODUCT_NAME = "$(TARGET_NAME)";
				SWIFT_VERSION = 5.0;
				TARGETED_DEVICE_FAMILY = "1,2";
				TEST_HOST = "$(BUILT_PRODUCTS_DIR)/DataAccessObject-Demo.app/DataAccessObject-Demo";
			};
			name = Debug;
		};
		C0BEDA3522B7BC310008F825 /* Release */ = {
			isa = XCBuildConfiguration;
			buildSettings = {
				ALWAYS_EMBED_SWIFT_STANDARD_LIBRARIES = YES;
				CODE_SIGN_STYLE = Automatic;
				DEVELOPMENT_TEAM = F3VP86DSRS;
				INFOPLIST_FILE = CoreDataModelImpTests/Info.plist;
				LD_RUNPATH_SEARCH_PATHS = (
					"$(inherited)",
					"@executable_path/Frameworks",
					"@loader_path/Frameworks",
				);
				PRODUCT_BUNDLE_IDENTIFIER = com.basilsalad.demo.CoreDataModelImpTests;
				PRODUCT_NAME = "$(TARGET_NAME)";
				SWIFT_VERSION = 5.0;
				TARGETED_DEVICE_FAMILY = "1,2";
				TEST_HOST = "$(BUILT_PRODUCTS_DIR)/DataAccessObject-Demo.app/DataAccessObject-Demo";
			};
			name = Release;
		};
/* End XCBuildConfiguration section */

/* Begin XCConfigurationList section */
		C03FFF3D22B7A1F5009CADB5 /* Build configuration list for PBXProject "DataAccessObject-Demo" */ = {
			isa = XCConfigurationList;
			buildConfigurations = (
				C03FFF6022B7A1F7009CADB5 /* Debug */,
				C03FFF6122B7A1F7009CADB5 /* Release */,
			);
			defaultConfigurationIsVisible = 0;
			defaultConfigurationName = Release;
		};
		C03FFF6222B7A1F7009CADB5 /* Build configuration list for PBXNativeTarget "DataAccessObject-Demo" */ = {
			isa = XCConfigurationList;
			buildConfigurations = (
				C03FFF6322B7A1F7009CADB5 /* Debug */,
				C03FFF6422B7A1F7009CADB5 /* Release */,
			);
			defaultConfigurationIsVisible = 0;
			defaultConfigurationName = Release;
		};
		C03FFF6522B7A1F7009CADB5 /* Build configuration list for PBXNativeTarget "DataAccessObject-DemoTests" */ = {
			isa = XCConfigurationList;
			buildConfigurations = (
				C03FFF6622B7A1F7009CADB5 /* Debug */,
				C03FFF6722B7A1F7009CADB5 /* Release */,
			);
			defaultConfigurationIsVisible = 0;
			defaultConfigurationName = Release;
		};
		C0BEDA0C22B7BBEC0008F825 /* Build configuration list for PBXNativeTarget "ReminderDataModel" */ = {
			isa = XCConfigurationList;
			buildConfigurations = (
				C0BEDA0D22B7BBEC0008F825 /* Debug */,
				C0BEDA0E22B7BBEC0008F825 /* Release */,
			);
			defaultConfigurationIsVisible = 0;
			defaultConfigurationName = Release;
		};
		C0BEDA1022B7BBEC0008F825 /* Build configuration list for PBXNativeTarget "ReminderDataModelTests" */ = {
			isa = XCConfigurationList;
			buildConfigurations = (
				C0BEDA1122B7BBEC0008F825 /* Debug */,
				C0BEDA1222B7BBEC0008F825 /* Release */,
			);
			defaultConfigurationIsVisible = 0;
			defaultConfigurationName = Release;
		};
		C0BEDA3022B7BC310008F825 /* Build configuration list for PBXNativeTarget "CoreDataModelImp" */ = {
			isa = XCConfigurationList;
			buildConfigurations = (
				C0BEDA3122B7BC310008F825 /* Debug */,
				C0BEDA3222B7BC310008F825 /* Release */,
			);
			defaultConfigurationIsVisible = 0;
			defaultConfigurationName = Release;
		};
		C0BEDA3322B7BC310008F825 /* Build configuration list for PBXNativeTarget "CoreDataModelImpTests" */ = {
			isa = XCConfigurationList;
			buildConfigurations = (
				C0BEDA3422B7BC310008F825 /* Debug */,
				C0BEDA3522B7BC310008F825 /* Release */,
			);
			defaultConfigurationIsVisible = 0;
			defaultConfigurationName = Release;
		};
/* End XCConfigurationList section */

/* Begin XCVersionGroup section */
		C03FFF4C22B7A1F5009CADB5 /* ReminderModel.xcdatamodeld */ = {
			isa = XCVersionGroup;
			children = (
				C03FFF4D22B7A1F5009CADB5 /* DataAccessObject_Demo.xcdatamodel */,
			);
			currentVersion = C03FFF4D22B7A1F5009CADB5 /* DataAccessObject_Demo.xcdatamodel */;
			path = ReminderModel.xcdatamodeld;
			sourceTree = "<group>";
			versionGroupType = wrapper.xcdatamodel;
		};
/* End XCVersionGroup section */
	};
	rootObject = C03FFF3A22B7A1F5009CADB5 /* Project object */;
}
